
Microsoft Visual Studio Solution File, Format Version 12.00
# Visual Studio Version 17
VisualStudioVersion = 17.0.31903.59
MinimumVisualStudioVersion = 10.0.40219.1
Project("{FAE04EC0-301F-11D3-BF4B-00C04F79EFBC}") = "SchoolProvider.API", "SchoolProvider.API\SchoolProvider.API.csproj", "{F9A127D4-4DD8-4465-8EF0-9670A7B2B184}"
EndProject
Project("{FAE04EC0-301F-11D3-BF4B-00C04F79EFBC}") = "SchoolProvider.Business", "SchoolProvider.Business\SchoolProvider.Business.csproj", "{5CC9A5C1-F4DB-4B79-8386-005D4180A027}"
EndProject
Project("{FAE04EC0-301F-11D3-BF4B-00C04F79EFBC}") = "SchoolProvider.Database", "SchoolProvider.Database\SchoolProvider.Database.csproj", "{054C2032-4557-409A-A5D1-BA003C156B0B}"
EndProject
Project("{FAE04EC0-301F-11D3-BF4B-00C04F79EFBC}") = "SchoolProvider.Contract", "SchoolProvider.Contract\SchoolProvider.Contract.csproj", "{900F32D3-9F5C-43AD-93DF-D7018FE74DA1}"
EndProject
Project("{FAE04EC0-301F-11D3-BF4B-00C04F79EFBC}") = "SchoolProvider.Test", "SchoolProvider.Test\SchoolProvider.Test.csproj", "{2D9E63CC-2A91-4996-ACE3-96C0665B385E}"
EndProject
Project("{2150E333-8FDC-42A3-9474-1A3956D46DE8}") = "SolutionFolder", "SolutionFolder", "{D77DE592-ABFB-49CF-81C1-C0C5331B5777}"
	ProjectSection(SolutionItems) = preProject
		.gitignore = .gitignore
	EndProjectSection
EndProject
Project("{FAE04EC0-301F-11D3-BF4B-00C04F79EFBC}") = "MigrationRunner", "MigrationRunner\MigrationRunner.csproj", "{20F04C88-66C3-4397-9219-222BA6D38EAD}"
EndProject
Global
	GlobalSection(SolutionConfigurationPlatforms) = preSolution
		Debug|Any CPU = Debug|Any CPU
		Debug|x64 = Debug|x64
		Debug|x86 = Debug|x86
		Release|Any CPU = Release|Any CPU
		Release|x64 = Release|x64
		Release|x86 = Release|x86
	EndGlobalSection
	GlobalSection(ProjectConfigurationPlatforms) = postSolution
		{F9A127D4-4DD8-4465-8EF0-9670A7B2B184}.Debug|Any CPU.ActiveCfg = Debug|Any CPU
		{F9A127D4-4DD8-4465-8EF0-9670A7B2B184}.Debug|Any CPU.Build.0 = Debug|Any CPU
		{F9A127D4-4DD8-4465-8EF0-9670A7B2B184}.Debug|x64.ActiveCfg = Debug|Any CPU
		{F9A127D4-4DD8-4465-8EF0-9670A7B2B184}.Debug|x64.Build.0 = Debug|Any CPU
		{F9A127D4-4DD8-4465-8EF0-9670A7B2B184}.Debug|x86.ActiveCfg = Debug|Any CPU
		{F9A127D4-4DD8-4465-8EF0-9670A7B2B184}.Debug|x86.Build.0 = Debug|Any CPU
		{F9A127D4-4DD8-4465-8EF0-9670A7B2B184}.Release|Any CPU.ActiveCfg = Release|Any CPU
		{F9A127D4-4DD8-4465-8EF0-9670A7B2B184}.Release|Any CPU.Build.0 = Release|Any CPU
		{F9A127D4-4DD8-4465-8EF0-9670A7B2B184}.Release|x64.ActiveCfg = Release|Any CPU
		{F9A127D4-4DD8-4465-8EF0-9670A7B2B184}.Release|x64.Build.0 = Release|Any CPU
		{F9A127D4-4DD8-4465-8EF0-9670A7B2B184}.Release|x86.ActiveCfg = Release|Any CPU
		{F9A127D4-4DD8-4465-8EF0-9670A7B2B184}.Release|x86.Build.0 = Release|Any CPU
		{5CC9A5C1-F4DB-4B79-8386-005D4180A027}.Debug|Any CPU.ActiveCfg = Debug|Any CPU
		{5CC9A5C1-F4DB-4B79-8386-005D4180A027}.Debug|Any CPU.Build.0 = Debug|Any CPU
		{5CC9A5C1-F4DB-4B79-8386-005D4180A027}.Debug|x64.ActiveCfg = Debug|Any CPU
		{5CC9A5C1-F4DB-4B79-8386-005D4180A027}.Debug|x64.Build.0 = Debug|Any CPU
		{5CC9A5C1-F4DB-4B79-8386-005D4180A027}.Debug|x86.ActiveCfg = Debug|Any CPU
		{5CC9A5C1-F4DB-4B79-8386-005D4180A027}.Debug|x86.Build.0 = Debug|Any CPU
		{5CC9A5C1-F4DB-4B79-8386-005D4180A027}.Release|Any CPU.ActiveCfg = Release|Any CPU
		{5CC9A5C1-F4DB-4B79-8386-005D4180A027}.Release|Any CPU.Build.0 = Release|Any CPU
		{5CC9A5C1-F4DB-4B79-8386-005D4180A027}.Release|x64.ActiveCfg = Release|Any CPU
		{5CC9A5C1-F4DB-4B79-8386-005D4180A027}.Release|x64.Build.0 = Release|Any CPU
		{5CC9A5C1-F4DB-4B79-8386-005D4180A027}.Release|x86.ActiveCfg = Release|Any CPU
		{5CC9A5C1-F4DB-4B79-8386-005D4180A027}.Release|x86.Build.0 = Release|Any CPU
		{054C2032-4557-409A-A5D1-BA003C156B0B}.Debug|Any CPU.ActiveCfg = Debug|Any CPU
		{054C2032-4557-409A-A5D1-BA003C156B0B}.Debug|Any CPU.Build.0 = Debug|Any CPU
		{054C2032-4557-409A-A5D1-BA003C156B0B}.Debug|x64.ActiveCfg = Debug|Any CPU
		{054C2032-4557-409A-A5D1-BA003C156B0B}.Debug|x64.Build.0 = Debug|Any CPU
		{054C2032-4557-409A-A5D1-BA003C156B0B}.Debug|x86.ActiveCfg = Debug|Any CPU
		{054C2032-4557-409A-A5D1-BA003C156B0B}.Debug|x86.Build.0 = Debug|Any CPU
		{054C2032-4557-409A-A5D1-BA003C156B0B}.Release|Any CPU.ActiveCfg = Release|Any CPU
		{054C2032-4557-409A-A5D1-BA003C156B0B}.Release|Any CPU.Build.0 = Release|Any CPU
		{054C2032-4557-409A-A5D1-BA003C156B0B}.Release|x64.ActiveCfg = Release|Any CPU
		{054C2032-4557-409A-A5D1-BA003C156B0B}.Release|x64.Build.0 = Release|Any CPU
		{054C2032-4557-409A-A5D1-BA003C156B0B}.Release|x86.ActiveCfg = Release|Any CPU
		{054C2032-4557-409A-A5D1-BA003C156B0B}.Release|x86.Build.0 = Release|Any CPU
		{900F32D3-9F5C-43AD-93DF-D7018FE74DA1}.Debug|Any CPU.ActiveCfg = Debug|Any CPU
		{900F32D3-9F5C-43AD-93DF-D7018FE74DA1}.Debug|Any CPU.Build.0 = Debug|Any CPU
		{900F32D3-9F5C-43AD-93DF-D7018FE74DA1}.Debug|x64.ActiveCfg = Debug|Any CPU
		{900F32D3-9F5C-43AD-93DF-D7018FE74DA1}.Debug|x64.Build.0 = Debug|Any CPU
		{900F32D3-9F5C-43AD-93DF-D7018FE74DA1}.Debug|x86.ActiveCfg = Debug|Any CPU
		{900F32D3-9F5C-43AD-93DF-D7018FE74DA1}.Debug|x86.Build.0 = Debug|Any CPU
		{900F32D3-9F5C-43AD-93DF-D7018FE74DA1}.Release|Any CPU.ActiveCfg = Release|Any CPU
		{900F32D3-9F5C-43AD-93DF-D7018FE74DA1}.Release|Any CPU.Build.0 = Release|Any CPU
		{900F32D3-9F5C-43AD-93DF-D7018FE74DA1}.Release|x64.ActiveCfg = Release|Any CPU
		{900F32D3-9F5C-43AD-93DF-D7018FE74DA1}.Release|x64.Build.0 = Release|Any CPU
		{900F32D3-9F5C-43AD-93DF-D7018FE74DA1}.Release|x86.ActiveCfg = Release|Any CPU
		{900F32D3-9F5C-43AD-93DF-D7018FE74DA1}.Release|x86.Build.0 = Release|Any CPU
		{2D9E63CC-2A91-4996-ACE3-96C0665B385E}.Debug|Any CPU.ActiveCfg = Debug|Any CPU
		{2D9E63CC-2A91-4996-ACE3-96C0665B385E}.Debug|Any CPU.Build.0 = Debug|Any CPU
		{2D9E63CC-2A91-4996-ACE3-96C0665B385E}.Debug|x64.ActiveCfg = Debug|Any CPU
		{2D9E63CC-2A91-4996-ACE3-96C0665B385E}.Debug|x64.Build.0 = Debug|Any CPU
		{2D9E63CC-2A91-4996-ACE3-96C0665B385E}.Debug|x86.ActiveCfg = Debug|Any CPU
		{2D9E63CC-2A91-4996-ACE3-96C0665B385E}.Debug|x86.Build.0 = Debug|Any CPU
		{2D9E63CC-2A91-4996-ACE3-96C0665B385E}.Release|Any CPU.ActiveCfg = Release|Any CPU
		{2D9E63CC-2A91-4996-ACE3-96C0665B385E}.Release|Any CPU.Build.0 = Release|Any CPU
		{2D9E63CC-2A91-4996-ACE3-96C0665B385E}.Release|x64.ActiveCfg = Release|Any CPU
		{2D9E63CC-2A91-4996-ACE3-96C0665B385E}.Release|x64.Build.0 = Release|Any CPU
		{2D9E63CC-2A91-4996-ACE3-96C0665B385E}.Release|x86.ActiveCfg = Release|Any CPU
		{2D9E63CC-2A91-4996-ACE3-96C0665B385E}.Release|x86.Build.0 = Release|Any CPU
		{20F04C88-66C3-4397-9219-222BA6D38EAD}.Debug|Any CPU.ActiveCfg = Debug|Any CPU
		{20F04C88-66C3-4397-9219-222BA6D38EAD}.Debug|Any CPU.Build.0 = Debug|Any CPU
		{20F04C88-66C3-4397-9219-222BA6D38EAD}.Debug|x64.ActiveCfg = Debug|Any CPU
		{20F04C88-66C3-4397-9219-222BA6D38EAD}.Debug|x64.Build.0 = Debug|Any CPU
		{20F04C88-66C3-4397-9219-222BA6D38EAD}.Debug|x86.ActiveCfg = Debug|Any CPU
		{20F04C88-66C3-4397-9219-222BA6D38EAD}.Debug|x86.Build.0 = Debug|Any CPU
		{20F04C88-66C3-4397-9219-222BA6D38EAD}.Release|Any CPU.ActiveCfg = Release|Any CPU
		{20F04C88-66C3-4397-9219-222BA6D38EAD}.Release|Any CPU.Build.0 = Release|Any CPU
		{20F04C88-66C3-4397-9219-222BA6D38EAD}.Release|x64.ActiveCfg = Release|Any CPU
		{20F04C88-66C3-4397-9219-222BA6D38EAD}.Release|x64.Build.0 = Release|Any CPU
		{20F04C88-66C3-4397-9219-222BA6D38EAD}.Release|x86.ActiveCfg = Release|Any CPU
		{20F04C88-66C3-4397-9219-222BA6D38EAD}.Release|x86.Build.0 = Release|Any CPU
	EndGlobalSection
	GlobalSection(SolutionProperties) = preSolution
		HideSolutionNode = FALSE
	EndGlobalSection
EndGlobal
